
Microsoft Visual Studio Solution File, Format Version 12.00
Project("{FAE04EC0-301F-11D3-BF4B-00C04F79EFBC}") = "IconPractice", "IconPractice\IconPractice.csproj", "{99BEED08-43F3-4A6E-BBA9-D32B3E7D1FE0}"
EndProject
Project("{FAE04EC0-301F-11D3-BF4B-00C04F79EFBC}") = "Icon.IntegrationTests", "Icon.IntegrationTests\Icon.IntegrationTests.csproj", "{C96B259F-0D62-4469-830E-984E0090F64C}"
EndProject
Global
	GlobalSection(SolutionConfigurationPlatforms) = preSolution
		Debug|Any CPU = Debug|Any CPU
		Release|Any CPU = Release|Any CPU
	EndGlobalSection
	GlobalSection(ProjectConfigurationPlatforms) = postSolution
		{99BEED08-43F3-4A6E-BBA9-D32B3E7D1FE0}.Debug|Any CPU.ActiveCfg = Debug|Any CPU
		{99BEED08-43F3-4A6E-BBA9-D32B3E7D1FE0}.Debug|Any CPU.Build.0 = Debug|Any CPU
		{99BEED08-43F3-4A6E-BBA9-D32B3E7D1FE0}.Release|Any CPU.ActiveCfg = Release|Any CPU
		{99BEED08-43F3-4A6E-BBA9-D32B3E7D1FE0}.Release|Any CPU.Build.0 = Release|Any CPU
		{C96B259F-0D62-4469-830E-984E0090F64C}.Debug|Any CPU.ActiveCfg = Debug|Any CPU
		{C96B259F-0D62-4469-830E-984E0090F64C}.Debug|Any CPU.Build.0 = Debug|Any CPU
		{C96B259F-0D62-4469-830E-984E0090F64C}.Release|Any CPU.ActiveCfg = Release|Any CPU
		{C96B259F-0D62-4469-830E-984E0090F64C}.Release|Any CPU.Build.0 = Release|Any CPU
	EndGlobalSection
EndGlobal
